{
  "nodes": {
    "home-manager": {
      "inputs": {
        "nixpkgs": [
          "nixpkgs"
        ]
      },
      "locked": {
        "lastModified": 1647903177,
        "narHash": "sha256-9aWSpW/F8POA/7cuVpoqhVGfjAgcGRIinwxUaXmUpkk=",
        "owner": "nix-community",
        "repo": "home-manager",
        "rev": "80b4360678fa7890964ba8e40a722985bf8d107e",
        "type": "github"
      },
      "original": {
        "owner": "nix-community",
        "repo": "home-manager",
        "type": "github"
      }
    },
    "nix-colors": {
      "locked": {
        "lastModified": 1644753863,
        "narHash": "sha256-Mc+EIc8p4x3wqAcR7JL2njgv5St9t0booUYvS9z5Jf8=",
        "owner": "misterio77",
        "repo": "nix-colors",
        "rev": "95a55cd97d7920211d5e2e8d154c65c36c92a50f",
        "type": "github"
      },
      "original": {
        "owner": "misterio77",
        "repo": "nix-colors",
        "type": "github"
      }
    },
    "nixpkgs": {
      "locked": {
        "lastModified": 1647800324,
        "narHash": "sha256-rjwoxrk16zfrcO5Torh6CbAd5GHsHrXw+EwxOvh9AUI=",
        "owner": "nixos",
        "repo": "nixpkgs",
        "rev": "9bc841fec1c0e8b9772afa29f934d2c7ce57da8e",
        "type": "github"
      },
      "original": {
        "owner": "nixos",
        "ref": "nixos-unstable",
        "repo": "nixpkgs",
        "type": "github"
      }
    },
    "nur": {
      "locked": {
        "lastModified": 1647971750,
        "narHash": "sha256-qWKVgeyNW3iJLgUFNoe9M+K5MsAMzmTjRXG9IumDSnk=",
        "owner": "nix-community",
        "repo": "nur",
        "rev": "4636636652078a28e23a25775704aa7a2b117ac0",
        "type": "github"
      },
      "original": {
        "owner": "nix-community",
        "repo": "nur",
        "type": "github"
      }
    },
    "root": {
      "inputs": {
        "home-manager": "home-manager",
        "nix-colors": "nix-colors",
        "nixpkgs": "nixpkgs",
        "nur": "nur",
        "utils": "utils"
      }
    },
    "utils": {
      "locked": {
        "lastModified": 1644229661,
        "narHash": "sha256-1YdnJAsNy69bpcjuoKdOYQX0YxZBiCYZo4Twxerqv7k=",
        "owner": "numtide",
        "repo": "flake-utils",
        "rev": "3cecb5b042f7f209c56ffd8371b2711a290ec797",
        "type": "github"
      },
      "original": {
        "owner": "numtide",
        "repo": "flake-utils",
        "type": "github"
      }
    }
  },
  "root": "root",
  "version": 7
}
